
Microsoft Visual Studio Solution File, Format Version 12.00
# Visual Studio Version 17
VisualStudioVersion = 17.0.31919.166
MinimumVisualStudioVersion = 10.0.40219.1
Project("{2150E333-8FDC-42A3-9474-1A3956D46DE8}") = "src", "src", "{90059E6E-7A80-47E2-A156-9169F04B3231}"
EndProject
Project("{2150E333-8FDC-42A3-9474-1A3956D46DE8}") = "Product", "Product", "{3A036009-47AA-4D77-BE65-3AB0F8C40C40}"
EndProject
Project("{E53339B2-1760-4266-BCC7-CA923CBCF16C}") = "docker-compose", "docker-compose.dcproj", "{D62F7B42-9D26-4D88-BC66-2A5705376809}"
EndProject
Project("{9A19103F-16F7-4668-BE54-9A1E7A4F7556}") = "Product.API", "src\Product\Product.API\Product.API.csproj", "{8A306682-FFAB-4A07-BB5F-7B4F6C891F51}"
EndProject
Project("{9A19103F-16F7-4668-BE54-9A1E7A4F7556}") = "Product.Application", "src\Product\Product.Application\Product.Application.csproj", "{694100AB-A964-451C-8B2C-12E8E707832B}"
EndProject
Project("{9A19103F-16F7-4668-BE54-9A1E7A4F7556}") = "Product.Core", "src\Product\Product.Core\Product.Core.csproj", "{BB9BCAFE-C85D-4C12-AFF8-43913C0F2657}"
EndProject
Project("{9A19103F-16F7-4668-BE54-9A1E7A4F7556}") = "Product.Infrastructure", "src\Product\Product.Infrastructure\Product.Infrastructure.csproj", "{6CF6051E-A189-40AF-8E63-ADAF2432365A}"
EndProject
Project("{2150E333-8FDC-42A3-9474-1A3956D46DE8}") = "Solution Items", "Solution Items", "{4A795987-9556-435E-995F-FA5EE6C2748F}"
	ProjectSection(SolutionItems) = preProject
		README.md = README.md
	EndProjectSection
EndProject
Global
	GlobalSection(SolutionConfigurationPlatforms) = preSolution
		Debug|Any CPU = Debug|Any CPU
		Release|Any CPU = Release|Any CPU
	EndGlobalSection
	GlobalSection(ProjectConfigurationPlatforms) = postSolution
		{D62F7B42-9D26-4D88-BC66-2A5705376809}.Debug|Any CPU.ActiveCfg = Debug|Any CPU
		{D62F7B42-9D26-4D88-BC66-2A5705376809}.Debug|Any CPU.Build.0 = Debug|Any CPU
		{D62F7B42-9D26-4D88-BC66-2A5705376809}.Release|Any CPU.ActiveCfg = Release|Any CPU
		{D62F7B42-9D26-4D88-BC66-2A5705376809}.Release|Any CPU.Build.0 = Release|Any CPU
		{8A306682-FFAB-4A07-BB5F-7B4F6C891F51}.Debug|Any CPU.ActiveCfg = Debug|Any CPU
		{8A306682-FFAB-4A07-BB5F-7B4F6C891F51}.Debug|Any CPU.Build.0 = Debug|Any CPU
		{8A306682-FFAB-4A07-BB5F-7B4F6C891F51}.Release|Any CPU.ActiveCfg = Release|Any CPU
		{8A306682-FFAB-4A07-BB5F-7B4F6C891F51}.Release|Any CPU.Build.0 = Release|Any CPU
		{694100AB-A964-451C-8B2C-12E8E707832B}.Debug|Any CPU.ActiveCfg = Debug|Any CPU
		{694100AB-A964-451C-8B2C-12E8E707832B}.Debug|Any CPU.Build.0 = Debug|Any CPU
		{694100AB-A964-451C-8B2C-12E8E707832B}.Release|Any CPU.ActiveCfg = Release|Any CPU
		{694100AB-A964-451C-8B2C-12E8E707832B}.Release|Any CPU.Build.0 = Release|Any CPU
		{BB9BCAFE-C85D-4C12-AFF8-43913C0F2657}.Debug|Any CPU.ActiveCfg = Debug|Any CPU
		{BB9BCAFE-C85D-4C12-AFF8-43913C0F2657}.Debug|Any CPU.Build.0 = Debug|Any CPU
		{BB9BCAFE-C85D-4C12-AFF8-43913C0F2657}.Release|Any CPU.ActiveCfg = Release|Any CPU
		{BB9BCAFE-C85D-4C12-AFF8-43913C0F2657}.Release|Any CPU.Build.0 = Release|Any CPU
		{6CF6051E-A189-40AF-8E63-ADAF2432365A}.Debug|Any CPU.ActiveCfg = Debug|Any CPU
		{6CF6051E-A189-40AF-8E63-ADAF2432365A}.Debug|Any CPU.Build.0 = Debug|Any CPU
		{6CF6051E-A189-40AF-8E63-ADAF2432365A}.Release|Any CPU.ActiveCfg = Release|Any CPU
		{6CF6051E-A189-40AF-8E63-ADAF2432365A}.Release|Any CPU.Build.0 = Release|Any CPU
	EndGlobalSection
	GlobalSection(SolutionProperties) = preSolution
		HideSolutionNode = FALSE
	EndGlobalSection
	GlobalSection(NestedProjects) = preSolution
		{3A036009-47AA-4D77-BE65-3AB0F8C40C40} = {90059E6E-7A80-47E2-A156-9169F04B3231}
		{8A306682-FFAB-4A07-BB5F-7B4F6C891F51} = {3A036009-47AA-4D77-BE65-3AB0F8C40C40}
		{694100AB-A964-451C-8B2C-12E8E707832B} = {3A036009-47AA-4D77-BE65-3AB0F8C40C40}
		{BB9BCAFE-C85D-4C12-AFF8-43913C0F2657} = {3A036009-47AA-4D77-BE65-3AB0F8C40C40}
		{6CF6051E-A189-40AF-8E63-ADAF2432365A} = {3A036009-47AA-4D77-BE65-3AB0F8C40C40}
	EndGlobalSection
	GlobalSection(ExtensibilityGlobals) = postSolution
		SolutionGuid = {504956A1-A18A-4FAA-9F11-FCDCC2EE556B}
	EndGlobalSection
EndGlobal
